
Microsoft Visual Studio Solution File, Format Version 12.00
# Visual Studio Version 16
VisualStudioVersion = 16.0.30114.105
MinimumVisualStudioVersion = 10.0.40219.1
Project("{FAE04EC0-301F-11D3-BF4B-00C04F79EFBC}") = "AgenciaBancaria.App", "AgenciaBancaria.App\AgenciaBancaria.App.csproj", "{2455D277-F4A3-4975-B11D-4FCD3D33E958}"
EndProject
Project("{FAE04EC0-301F-11D3-BF4B-00C04F79EFBC}") = "AgenciaBancaria.Dominio", "AgenciaBancaria.Dominio\AgenciaBancaria.Dominio.csproj", "{59494091-5F19-46DA-B015-32ED4ABC3584}"
EndProject
Global
	GlobalSection(SolutionConfigurationPlatforms) = preSolution
		Debug|Any CPU = Debug|Any CPU
		Debug|x64 = Debug|x64
		Debug|x86 = Debug|x86
		Release|Any CPU = Release|Any CPU
		Release|x64 = Release|x64
		Release|x86 = Release|x86
	EndGlobalSection
	GlobalSection(SolutionProperties) = preSolution
		HideSolutionNode = FALSE
	EndGlobalSection
	GlobalSection(ProjectConfigurationPlatforms) = postSolution
		{2455D277-F4A3-4975-B11D-4FCD3D33E958}.Debug|Any CPU.ActiveCfg = Debug|Any CPU
		{2455D277-F4A3-4975-B11D-4FCD3D33E958}.Debug|Any CPU.Build.0 = Debug|Any CPU
		{2455D277-F4A3-4975-B11D-4FCD3D33E958}.Debug|x64.ActiveCfg = Debug|Any CPU
		{2455D277-F4A3-4975-B11D-4FCD3D33E958}.Debug|x64.Build.0 = Debug|Any CPU
		{2455D277-F4A3-4975-B11D-4FCD3D33E958}.Debug|x86.ActiveCfg = Debug|Any CPU
		{2455D277-F4A3-4975-B11D-4FCD3D33E958}.Debug|x86.Build.0 = Debug|Any CPU
		{2455D277-F4A3-4975-B11D-4FCD3D33E958}.Release|Any CPU.ActiveCfg = Release|Any CPU
		{2455D277-F4A3-4975-B11D-4FCD3D33E958}.Release|Any CPU.Build.0 = Release|Any CPU
		{2455D277-F4A3-4975-B11D-4FCD3D33E958}.Release|x64.ActiveCfg = Release|Any CPU
		{2455D277-F4A3-4975-B11D-4FCD3D33E958}.Release|x64.Build.0 = Release|Any CPU
		{2455D277-F4A3-4975-B11D-4FCD3D33E958}.Release|x86.ActiveCfg = Release|Any CPU
		{2455D277-F4A3-4975-B11D-4FCD3D33E958}.Release|x86.Build.0 = Release|Any CPU
		{59494091-5F19-46DA-B015-32ED4ABC3584}.Debug|Any CPU.ActiveCfg = Debug|Any CPU
		{59494091-5F19-46DA-B015-32ED4ABC3584}.Debug|Any CPU.Build.0 = Debug|Any CPU
		{59494091-5F19-46DA-B015-32ED4ABC3584}.Debug|x64.ActiveCfg = Debug|Any CPU
		{59494091-5F19-46DA-B015-32ED4ABC3584}.Debug|x64.Build.0 = Debug|Any CPU
		{59494091-5F19-46DA-B015-32ED4ABC3584}.Debug|x86.ActiveCfg = Debug|Any CPU
		{59494091-5F19-46DA-B015-32ED4ABC3584}.Debug|x86.Build.0 = Debug|Any CPU
		{59494091-5F19-46DA-B015-32ED4ABC3584}.Release|Any CPU.ActiveCfg = Release|Any CPU
		{59494091-5F19-46DA-B015-32ED4ABC3584}.Release|Any CPU.Build.0 = Release|Any CPU
		{59494091-5F19-46DA-B015-32ED4ABC3584}.Release|x64.ActiveCfg = Release|Any CPU
		{59494091-5F19-46DA-B015-32ED4ABC3584}.Release|x64.Build.0 = Release|Any CPU
		{59494091-5F19-46DA-B015-32ED4ABC3584}.Release|x86.ActiveCfg = Release|Any CPU
		{59494091-5F19-46DA-B015-32ED4ABC3584}.Release|x86.Build.0 = Release|Any CPU
	EndGlobalSection
EndGlobal
